
Microsoft Visual Studio Solution File, Format Version 12.00
# Visual Studio 15
VisualStudioVersion = 15.0.26403.3
MinimumVisualStudioVersion = 10.0.40219.1
Project("{FAE04EC0-301F-11D3-BF4B-00C04F79EFBC}") = "Mastonet", "Mastonet\Mastonet.csproj", "{03BA068E-D225-4BD3-8E52-AC845BFF06D9}"
EndProject
Project("{FAE04EC0-301F-11D3-BF4B-00C04F79EFBC}") = "Mastonet.Tests", "Mastonet.Tests\Mastonet.Tests.csproj", "{211CB2B0-493C-4A74-A3AF-3F0FF84F5BC5}"
EndProject
Global
	GlobalSection(SolutionConfigurationPlatforms) = preSolution
		Debug|Any CPU = Debug|Any CPU
		Release|Any CPU = Release|Any CPU
	EndGlobalSection
	GlobalSection(ProjectConfigurationPlatforms) = postSolution
		{03BA068E-D225-4BD3-8E52-AC845BFF06D9}.Debug|Any CPU.ActiveCfg = Debug|Any CPU
		{03BA068E-D225-4BD3-8E52-AC845BFF06D9}.Debug|Any CPU.Build.0 = Debug|Any CPU
		{03BA068E-D225-4BD3-8E52-AC845BFF06D9}.Release|Any CPU.ActiveCfg = Release|Any CPU
		{03BA068E-D225-4BD3-8E52-AC845BFF06D9}.Release|Any CPU.Build.0 = Release|Any CPU
		{211CB2B0-493C-4A74-A3AF-3F0FF84F5BC5}.Debug|Any CPU.ActiveCfg = Debug|Any CPU
		{211CB2B0-493C-4A74-A3AF-3F0FF84F5BC5}.Debug|Any CPU.Build.0 = Debug|Any CPU
		{211CB2B0-493C-4A74-A3AF-3F0FF84F5BC5}.Release|Any CPU.ActiveCfg = Release|Any CPU
		{211CB2B0-493C-4A74-A3AF-3F0FF84F5BC5}.Release|Any CPU.Build.0 = Release|Any CPU
	EndGlobalSection
	GlobalSection(SolutionProperties) = preSolution
		HideSolutionNode = FALSE
	EndGlobalSection
EndGlobal
